// !$*UTF8*$!
{
	archiveVersion = 1;
	classes = {
	};
	objectVersion = 48;
	objects = {

/* Begin PBXBuildFile section */
		045EB6BF1FA8F1B10053534D /* CustomerViewController.swift in Sources */ = {isa = PBXBuildFile; fileRef = 045EB6BE1FA8F1B10053534D /* CustomerViewController.swift */; };
		045EB6C11FA8F1C20053534D /* DeveloperViewController.swift in Sources */ = {isa = PBXBuildFile; fileRef = 045EB6C01FA8F1C20053534D /* DeveloperViewController.swift */; };
		04C6EB891FA0CA7F00C0F450 /* AppDelegate.swift in Sources */ = {isa = PBXBuildFile; fileRef = 04C6EB881FA0CA7F00C0F450 /* AppDelegate.swift */; };
		04C6EB8B1FA0CA7F00C0F450 /* ViewController.swift in Sources */ = {isa = PBXBuildFile; fileRef = 04C6EB8A1FA0CA7F00C0F450 /* ViewController.swift */; };
		04C6EB8E1FA0CA7F00C0F450 /* Main.storyboard in Resources */ = {isa = PBXBuildFile; fileRef = 04C6EB8C1FA0CA7F00C0F450 /* Main.storyboard */; };
		04C6EB901FA0CA7F00C0F450 /* Assets.xcassets in Resources */ = {isa = PBXBuildFile; fileRef = 04C6EB8F1FA0CA7F00C0F450 /* Assets.xcassets */; };
		04C6EB931FA0CA7F00C0F450 /* LaunchScreen.storyboard in Resources */ = {isa = PBXBuildFile; fileRef = 04C6EB911FA0CA7F00C0F450 /* LaunchScreen.storyboard */; };
/* End PBXBuildFile section */

/* Begin PBXFileReference section */
		045EB6BE1FA8F1B10053534D /* CustomerViewController.swift */ = {isa = PBXFileReference; lastKnownFileType = sourcecode.swift; path = CustomerViewController.swift; sourceTree = "<group>"; };
		045EB6C01FA8F1C20053534D /* DeveloperViewController.swift */ = {isa = PBXFileReference; lastKnownFileType = sourcecode.swift; path = DeveloperViewController.swift; sourceTree = "<group>"; };
		04C6EB851FA0CA7F00C0F450 /* Lesson05PickerHW(2).app */ = {isa = PBXFileReference; explicitFileType = wrapper.application; includeInIndex = 0; path = "Lesson05PickerHW(2).app"; sourceTree = BUILT_PRODUCTS_DIR; };
		04C6EB881FA0CA7F00C0F450 /* AppDelegate.swift */ = {isa = PBXFileReference; lastKnownFileType = sourcecode.swift; path = AppDelegate.swift; sourceTree = "<group>"; };
		04C6EB8A1FA0CA7F00C0F450 /* ViewController.swift */ = {isa = PBXFileReference; lastKnownFileType = sourcecode.swift; path = ViewController.swift; sourceTree = "<group>"; };
		04C6EB8D1FA0CA7F00C0F450 /* Base */ = {isa = PBXFileReference; lastKnownFileType = file.storyboard; name = Base; path = Base.lproj/Main.storyboard; sourceTree = "<group>"; };
		04C6EB8F1FA0CA7F00C0F450 /* Assets.xcassets */ = {isa = PBXFileReference; lastKnownFileType = folder.assetcatalog; path = Assets.xcassets; sourceTree = "<group>"; };
		04C6EB921FA0CA7F00C0F450 /* Base */ = {isa = PBXFileReference; lastKnownFileType = file.storyboard; name = Base; path = Base.lproj/LaunchScreen.storyboard; sourceTree = "<group>"; };
		04C6EB941FA0CA7F00C0F450 /* Info.plist */ = {isa = PBXFileReference; lastKnownFileType = text.plist.xml; path = Info.plist; sourceTree = "<group>"; };
/* End PBXFileReference section */

/* Begin PBXFrameworksBuildPhase section */
		04C6EB821FA0CA7F00C0F450 /* Frameworks */ = {
			isa = PBXFrameworksBuildPhase;
			buildActionMask = 2147483647;
			files = (
			);
			runOnlyForDeploymentPostprocessing = 0;
		};
/* End PBXFrameworksBuildPhase section */

/* Begin PBXGroup section */
		04C6EB7C1FA0CA7F00C0F450 = {
			isa = PBXGroup;
			children = (
				04C6EB871FA0CA7F00C0F450 /* Lesson05PickerHW(2) */,
				04C6EB861FA0CA7F00C0F450 /* Products */,
			);
			sourceTree = "<group>";
		};
		04C6EB861FA0CA7F00C0F450 /* Products */ = {
			isa = PBXGroup;
			children = (
				04C6EB851FA0CA7F00C0F450 /* Lesson05PickerHW(2).app */,
			);
			name = Products;
			sourceTree = "<group>";
		};
		04C6EB871FA0CA7F00C0F450 /* Lesson05PickerHW(2) */ = {
			isa = PBXGroup;
			children = (
				04C6EB881FA0CA7F00C0F450 /* AppDelegate.swift */,
				04C6EB8A1FA0CA7F00C0F450 /* ViewController.swift */,
				045EB6BE1FA8F1B10053534D /* CustomerViewController.swift */,
				045EB6C01FA8F1C20053534D /* DeveloperViewController.swift */,
				04C6EB8C1FA0CA7F00C0F450 /* Main.storyboard */,
				04C6EB8F1FA0CA7F00C0F450 /* Assets.xcassets */,
				04C6EB911FA0CA7F00C0F450 /* LaunchScreen.storyboard */,
				04C6EB941FA0CA7F00C0F450 /* Info.plist */,
			);
			path = "Lesson05PickerHW(2)";
			sourceTree = "<group>";
		};
/* End PBXGroup section */

/* Begin PBXNativeTarget section */
		04C6EB841FA0CA7F00C0F450 /* Lesson05PickerHW(2) */ = {
			isa = PBXNativeTarget;
			buildConfigurationList = 04C6EB971FA0CA7F00C0F450 /* Build configuration list for PBXNativeTarget "Lesson05PickerHW(2)" */;
			buildPhases = (
				04C6EB811FA0CA7F00C0F450 /* Sources */,
				04C6EB821FA0CA7F00C0F450 /* Frameworks */,
				04C6EB831FA0CA7F00C0F450 /* Resources */,
			);
			buildRules = (
			);
			dependencies = (
			);
			name = "Lesson05PickerHW(2)";
			productName = "Lesson05PickerHW(2)";
			productReference = 04C6EB851FA0CA7F00C0F450 /* Lesson05PickerHW(2).app */;
			productType = "com.apple.product-type.application";
		};
/* End PBXNativeTarget section */

/* Begin PBXProject section */
		04C6EB7D1FA0CA7F00C0F450 /* Project object */ = {
			isa = PBXProject;
			attributes = {
				LastSwiftUpdateCheck = 0900;
				LastUpgradeCheck = 0900;
				ORGANIZATIONNAME = "Orest Patlyka";
				TargetAttributes = {
					04C6EB841FA0CA7F00C0F450 = {
						CreatedOnToolsVersion = 9.0;
						ProvisioningStyle = Automatic;
					};
				};
			};
			buildConfigurationList = 04C6EB801FA0CA7F00C0F450 /* Build configuration list for PBXProject "Lesson05PickerHW(2)" */;
			compatibilityVersion = "Xcode 8.0";
			developmentRegion = en;
			hasScannedForEncodings = 0;
			knownRegions = (
				en,
				Base,
			);
			mainGroup = 04C6EB7C1FA0CA7F00C0F450;
			productRefGroup = 04C6EB861FA0CA7F00C0F450 /* Products */;
			projectDirPath = "";
			projectRoot = "";
			targets = (
				04C6EB841FA0CA7F00C0F450 /* Lesson05PickerHW(2) */,
			);
		};
/* End PBXProject section */

/* Begin PBXResourcesBuildPhase section */
		04C6EB831FA0CA7F00C0F450 /* Resources */ = {
			isa = PBXResourcesBuildPhase;
			buildActionMask = 2147483647;
			files = (
				04C6EB931FA0CA7F00C0F450 /* LaunchScreen.storyboard in Resources */,
				04C6EB901FA0CA7F00C0F450 /* Assets.xcassets in Resources */,
				04C6EB8E1FA0CA7F00C0F450 /* Main.storyboard in Resources */,
			);
			runOnlyForDeploymentPostprocessing = 0;
		};
/* End PBXResourcesBuildPhase section */

/* Begin PBXSourcesBuildPhase section */
		04C6EB811FA0CA7F00C0F450 /* Sources */ = {
			isa = PBXSourcesBuildPhase;
			buildActionMask = 2147483647;
			files = (
				045EB6BF1FA8F1B10053534D /* CustomerViewController.swift in Sources */,
				045EB6C11FA8F1C20053534D /* DeveloperViewController.swift in Sources */,
				04C6EB8B1FA0CA7F00C0F450 /* ViewController.swift in Sources */,
				04C6EB891FA0CA7F00C0F450 /* AppDelegate.swift in Sources */,
			);
			runOnlyForDeploymentPostprocessing = 0;
		};
/* End PBXSourcesBuildPhase section */

/* Begin PBXVariantGroup section */
		04C6EB8C1FA0CA7F00C0F450 /* Main.storyboard */ = {
			isa = PBXVariantGroup;
			children = (
				04C6EB8D1FA0CA7F00C0F450 /* Base */,
			);
			name = Main.storyboard;
			sourceTree = "<group>";
		};
		04C6EB911FA0CA7F00C0F450 /* LaunchScreen.storyboard */ = {
			isa = PBXVariantGroup;
			children = (
				04C6EB921FA0CA7F00C0F450 /* Base */,
			);
			name = LaunchScreen.storyboard;
			sourceTree = "<group>";
		};
/* End PBXVariantGroup section */

/* Begin XCBuildConfiguration section */
		04C6EB951FA0CA7F00C0F450 /* Debug */ = {
			isa = XCBuildConfiguration;
			buildSettings = {
				ALWAYS_SEARCH_USER_PATHS = NO;
				CLANG_ANALYZER_NONNULL = YES;
				CLANG_ANALYZER_NUMBER_OBJECT_CONVERSION = YES_AGGRESSIVE;
				CLANG_CXX_LANGUAGE_STANDARD = "gnu++14";
				CLANG_CXX_LIBRARY = "libc++";
				CLANG_ENABLE_MODULES = YES;
				CLANG_ENABLE_OBJC_ARC = YES;
				CLANG_WARN_BLOCK_CAPTURE_AUTORELEASING = YES;
				CLANG_WARN_BOOL_CONVERSION = YES;
				CLANG_WARN_COMMA = YES;
				CLANG_WARN_CONSTANT_CONVERSION = YES;
				CLANG_WARN_DIRECT_OBJC_ISA_USAGE = YES_ERROR;
				CLANG_WARN_DOCUMENTATION_COMMENTS = YES;
				CLANG_WARN_EMPTY_BODY = YES;
				CLANG_WARN_ENUM_CONVERSION = YES;
				CLANG_WARN_INFINITE_RECURSION = YES;
				CLANG_WARN_INT_CONVERSION = YES;
				CLANG_WARN_NON_LITERAL_NULL_CONVERSION = YES;
				CLANG_WARN_OBJC_LITERAL_CONVERSION = YES;
				CLANG_WARN_OBJC_ROOT_CLASS = YES_ERROR;
				CLANG_WARN_RANGE_LOOP_ANALYSIS = YES;
				CLANG_WARN_STRICT_PROTOTYPES = YES;
				CLANG_WARN_SUSPICIOUS_MOVE = YES;
				CLANG_WARN_UNGUARDED_AVAILABILITY = YES_AGGRESSIVE;
				CLANG_WARN_UNREACHABLE_CODE = YES;
				CLANG_WARN__DUPLICATE_METHOD_MATCH = YES;
				CODE_SIGN_IDENTITY = "iPhone Developer";
				COPY_PHASE_STRIP = NO;
				DEBUG_INFORMATION_FORMAT = dwarf;
				ENABLE_STRICT_OBJC_MSGSEND = YES;
				ENABLE_TESTABILITY = YES;
				GCC_C_LANGUAGE_STANDARD = gnu11;
				GCC_DYNAMIC_NO_PIC = NO;
				GCC_NO_COMMON_BLOCKS = YES;
				GCC_OPTIMIZATION_LEVEL = 0;
				GCC_PREPROCESSOR_DEFINITIONS = (
					"DEBUG=1",
					"$(inherited)",
				);
				GCC_WARN_64_TO_32_BIT_CONVERSION = YES;
				GCC_WARN_ABOUT_RETURN_TYPE = YES_ERROR;
				GCC_WARN_UNDECLARED_SELECTOR = YES;
				GCC_WARN_UNINITIALIZED_AUTOS = YES_AGGRESSIVE;
				GCC_WARN_UNUSED_FUNCTION = YES;
				GCC_WARN_UNUSED_VARIABLE = YES;
				IPHONEOS_DEPLOYMENT_TARGET = 11.0;
				MTL_ENABLE_DEBUG_INFO = YES;
				ONLY_ACTIVE_ARCH = YES;
				SDKROOT = iphoneos;
				SWIFT_ACTIVE_COMPILATION_CONDITIONS = DEBUG;
				SWIFT_OPTIMIZATION_LEVEL = "-Onone";
			};
			name = Debug;
		};
		04C6EB961FA0CA7F00C0F450 /* Release */ = {
			isa = XCBuildConfiguration;
			buildSettings = {
				ALWAYS_SEARCH_USER_PATHS = NO;
				CLANG_ANALYZER_NONNULL = YES;
				CLANG_ANALYZER_NUMBER_OBJECT_CONVERSION = YES_AGGRESSIVE;
				CLANG_CXX_LANGUAGE_STANDARD = "gnu++14";
				CLANG_CXX_LIBRARY = "libc++";
				CLANG_ENABLE_MODULES = YES;
				CLANG_ENABLE_OBJC_ARC = YES;
				CLANG_WARN_BLOCK_CAPTURE_AUTORELEASING = YES;
				CLANG_WARN_BOOL_CONVERSION = YES;
				CLANG_WARN_COMMA = YES;
				CLANG_WARN_CONSTANT_CONVERSION = YES;
				CLANG_WARN_DIRECT_OBJC_ISA_USAGE = YES_ERROR;
				CLANG_WARN_DOCUMENTATION_COMMENTS = YES;
				CLANG_WARN_EMPTY_BODY = YES;
				CLANG_WARN_ENUM_CONVERSION = YES;
				CLANG_WARN_INFINITE_RECURSION = YES;
				CLANG_WARN_INT_CONVERSION = YES;
				CLANG_WARN_NON_LITERAL_NULL_CONVERSION = YES;
				CLANG_WARN_OBJC_LITERAL_CONVERSION = YES;
				CLANG_WARN_OBJC_ROOT_CLASS = YES_ERROR;
				CLANG_WARN_RANGE_LOOP_ANALYSIS = YES;
				CLANG_WARN_STRICT_PROTOTYPES = YES;
				CLANG_WARN_SUSPICIOUS_MOVE = YES;
				CLANG_WARN_UNGUARDED_AVAILABILITY = YES_AGGRESSIVE;
				CLANG_WARN_UNREACHABLE_CODE = YES;
				CLANG_WARN__DUPLICATE_METHOD_MATCH = YES;
				CODE_SIGN_IDENTITY = "iPhone Developer";
				COPY_PHASE_STRIP = NO;
				DEBUG_INFORMATION_FORMAT = "dwarf-with-dsym";
				ENABLE_NS_ASSERTIONS = NO;
				ENABLE_STRICT_OBJC_MSGSEND = YES;
				GCC_C_LANGUAGE_STANDARD = gnu11;
				GCC_NO_COMMON_BLOCKS = YES;
				GCC_WARN_64_TO_32_BIT_CONVERSION = YES;
				GCC_WARN_ABOUT_RETURN_TYPE = YES_ERROR;
				GCC_WARN_UNDECLARED_SELECTOR = YES;
				GCC_WARN_UNINITIALIZED_AUTOS = YES_AGGRESSIVE;
				GCC_WARN_UNUSED_FUNCTION = YES;
				GCC_WARN_UNUSED_VARIABLE = YES;
				IPHONEOS_DEPLOYMENT_TARGET = 11.0;
				MTL_ENABLE_DEBUG_INFO = NO;
				SDKROOT = iphoneos;
				SWIFT_OPTIMIZATION_LEVEL = "-Owholemodule";
				VALIDATE_PRODUCT = YES;
			};
			name = Release;
		};
		04C6EB981FA0CA7F00C0F450 /* Debug */ = {
			isa = XCBuildConfiguration;
			buildSettings = {
				ASSETCATALOG_COMPILER_APPICON_NAME = AppIcon;
				CODE_SIGN_STYLE = Automatic;
				DEVELOPMENT_TEAM = 354DS94RY8;
				INFOPLIST_FILE = "Lesson05PickerHW(2)/Info.plist";
				IPHONEOS_DEPLOYMENT_TARGET = 11.0;
				LD_RUNPATH_SEARCH_PATHS = "$(inherited) @executable_path/Frameworks";
				PRODUCT_BUNDLE_IDENTIFIER = "OP.Lesson05PickerHW-2-";
				PRODUCT_NAME = "$(TARGET_NAME)";
				SWIFT_VERSION = 4.0;
				TARGETED_DEVICE_FAMILY = "1,2";
			};
			name = Debug;
		};
		04C6EB991FA0CA7F00C0F450 /* Release */ = {
			isa = XCBuildConfiguration;
			buildSettings = {
				ASSETCATALOG_COMPILER_APPICON_NAME = AppIcon;
				CODE_SIGN_STYLE = Automatic;
				DEVELOPMENT_TEAM = 354DS94RY8;
				INFOPLIST_FILE = "Lesson05PickerHW(2)/Info.plist";
				IPHONEOS_DEPLOYMENT_TARGET = 11.0;
				LD_RUNPATH_SEARCH_PATHS = "$(inherited) @executable_path/Frameworks";
				PRODUCT_BUNDLE_IDENTIFIER = "OP.Lesson05PickerHW-2-";
				PRODUCT_NAME = "$(TARGET_NAME)";
				SWIFT_VERSION = 4.0;
				TARGETED_DEVICE_FAMILY = "1,2";
			};
			name = Release;
		};
/* End XCBuildConfiguration section */

/* Begin XCConfigurationList section */
		04C6EB801FA0CA7F00C0F450 /* Build configuration list for PBXProject "Lesson05PickerHW(2)" */ = {
			isa = XCConfigurationList;
			buildConfigurations = (
				04C6EB951FA0CA7F00C0F450 /* Debug */,
				04C6EB961FA0CA7F00C0F450 /* Release */,
			);
			defaultConfigurationIsVisible = 0;
			defaultConfigurationName = Release;
		};
		04C6EB971FA0CA7F00C0F450 /* Build configuration list for PBXNativeTarget "Lesson05PickerHW(2)" */ = {
			isa = XCConfigurationList;
			buildConfigurations = (
				04C6EB981FA0CA7F00C0F450 /* Debug */,
				04C6EB991FA0CA7F00C0F450 /* Release */,
			);
			defaultConfigurationIsVisible = 0;
			defaultConfigurationName = Release;
		};
/* End XCConfigurationList section */
	};
	rootObject = 04C6EB7D1FA0CA7F00C0F450 /* Project object */;
}
